
Microsoft Visual Studio Solution File, Format Version 12.00
# Visual Studio Version 17
VisualStudioVersion = 17.12.35527.113 d17.12
MinimumVisualStudioVersion = 10.0.40219.1
Project("{FAE04EC0-301F-11D3-BF4B-00C04F79EFBC}") = "vetores", "vetores\vetores.csproj", "{DBF4D6C7-A47C-401C-9D89-3A9952C2AB7E}"
EndProject
Global
	GlobalSection(SolutionConfigurationPlatforms) = preSolution
		Debug|Any CPU = Debug|Any CPU
		Release|Any CPU = Release|Any CPU
	EndGlobalSection
	GlobalSection(ProjectConfigurationPlatforms) = postSolution
		{DBF4D6C7-A47C-401C-9D89-3A9952C2AB7E}.Debug|Any CPU.ActiveCfg = Debug|Any CPU
		{DBF4D6C7-A47C-401C-9D89-3A9952C2AB7E}.Debug|Any CPU.Build.0 = Debug|Any CPU
		{DBF4D6C7-A47C-401C-9D89-3A9952C2AB7E}.Release|Any CPU.ActiveCfg = Release|Any CPU
		{DBF4D6C7-A47C-401C-9D89-3A9952C2AB7E}.Release|Any CPU.Build.0 = Release|Any CPU
	EndGlobalSection
	GlobalSection(SolutionProperties) = preSolution
		HideSolutionNode = FALSE
	EndGlobalSection
EndGlobal
